{
  "nodes": {
    "crane": {
      "locked": {
        "lastModified": 1788465171,
        "narHash": "sha256-Y1/TTVXjYXGF068IThQH9fPSZ0SIE74PABlUxnWTUH0=",
        "owner": "ipetkov",
        "repo": "crane",
        "rev": "eb35abda9f232cc6610b1d1e3200d15c49b7ac54",
        "type": "github"
      },
      "original": {
        "owner": "ipetkov",
        "repo": "crane",
        "type": "github"
      }
    },
    "flake-compat": {
      "flake": false,
      "locked": {
        "lastModified": 1767039857,
        "narHash": "sha256-vNpUSpF5Nuw8xvDLj2KCwwksIbjua2LZCqhV1LNRDns=",
        "owner": "NixOS",
        "repo": "flake-compat",
        "rev": "5edf11c44bc78a0d334f6334cdaf7d60d732daab",
        "type": "github"
      },
      "original": {
        "owner": "NixOS",
        "repo": "flake-compat",
        "type": "github"
      }
    },
    "hosts": {
      "inputs": {
        "nixpkgs": [
          "nixpkgs"
        ]
      },
      "locked": {
        "lastModified": 1789604885,
        "narHash": "sha256-zukXKnH0Eb0FbXU9+Q3EWqIm+BCMrpGqwjC5so7JUAo=",
        "owner": "StevenBlack",
        "repo": "hosts",
        "rev": "b681eceec05a747aa409377d1b3aac0327916cff",
        "type": "github"
      },
      "original": {
        "owner": "StevenBlack",
        "repo": "hosts",
        "type": "github"
      }
    },
    "lanzaboote": {
      "inputs": {
        "crane": "crane",
        "nixpkgs": [
          "nixpkgs"
        ],
        "pre-commit": "pre-commit",
        "rust-overlay": "rust-overlay"
      },
      "locked": {
        "lastModified": 1789586975,
        "narHash": "sha256-N5qhvQXNFluy1sFvcVhIEvwm5QeCxFrpZHw/pwE+szU=",
        "owner": "nix-community",
        "repo": "lanzaboote",
        "rev": "8a34c6af53de5d0de742f35b5d764db93b53c5df",
        "type": "github"
      },
      "original": {
        "owner": "nix-community",
        "repo": "lanzaboote",
        "type": "github"
      }
    },
    "nixpkgs": {
      "locked": {
        "lastModified": 1789684949,
        "narHash": "sha256-ZKhUe/2IJUq1JhKxKMu8rbkgSGmPP2ZCqlIPn40aGCM=",
        "owner": "nixos",
        "repo": "nixpkgs",
        "rev": "e554fab72f81915600f3f449b786fd9af40439a5",
        "type": "github"
      },
      "original": {
        "owner": "nixos",
        "ref": "nixos-unstable",
        "repo": "nixpkgs",
        "type": "github"
      }
    },
    "pre-commit": {
      "inputs": {
        "flake-compat": "flake-compat",
        "nixpkgs": [
          "lanzaboote",
          "nixpkgs"
        ]
      },
      "locked": {
        "lastModified": 1789514889,
        "narHash": "sha256-PFD1nxptCXJyJoiYO1gf/5Vv43yqGpHtMC6LUhl9/pQ=",
        "owner": "cachix",
        "repo": "git-hooks.nix",
        "rev": "59f4ca0d063a1a3ec722c88b51a33004862e5379",
        "type": "github"
      },
      "original": {
        "owner": "cachix",
        "repo": "git-hooks.nix",
        "type": "github"
      }
    },
    "root": {
      "inputs": {
        "hosts": "hosts",
        "lanzaboote": "lanzaboote",
        "nixpkgs": "nixpkgs",
        "sops-nix": "sops-nix",
        "svcvm": "svcvm",
        "xkcd": "xkcd"
      }
    },
    "rust-overlay": {
      "inputs": {
        "nixpkgs": [
          "lanzaboote",
          "nixpkgs"
        ]
      },
      "locked": {
        "lastModified": 1789543870,
        "narHash": "sha256-45ikFmtfgBZgMePIm4GevJ9VjDSWO3PGQgOuuwHDpes=",
        "owner": "oxalica",
        "repo": "rust-overlay",
        "rev": "35ca0490d13a3d38c4602d0eb9600a30fa63a367",
        "type": "github"
      },
      "original": {
        "owner": "oxalica",
        "repo": "rust-overlay",
        "type": "github"
      }
    },
    "sops-nix": {
      "inputs": {
        "nixpkgs": [
          "nixpkgs"
        ]
      },
      "locked": {
        "lastModified": 1789691124,
        "narHash": "sha256-k+I+R6uwHX3VcJ7326qLV6vCahZUgsVl+i8sSU/Stxk=",
        "owner": "Mic92",
        "repo": "sops-nix",
        "rev": "1e73e8f7176d65e1b55e324de099bbfff4b2c574",
        "type": "github"
      },
      "original": {
        "owner": "Mic92",
        "repo": "sops-nix",
        "type": "github"
      }
    },
    "svcvm": {
      "locked": {
        "lastModified": 1785601686,
        "narHash": "sha256-5Kcgjn9JXUcdaHXZm+9CHu15RFX3EneNk3Ys3CzJ9CU=",
        "owner": "sotormd",
        "repo": "svcvm",
        "rev": "5ba1ceea3f62056bf0778bea512103aa4276e567",
        "type": "github"
      },
      "original": {
        "owner": "sotormd",
        "repo": "svcvm",
        "type": "github"
      }
    },
    "xkcd": {
      "inputs": {
        "nixpkgs": [
          "nixpkgs"
        ]
      },
      "locked": {
        "lastModified": 1785437331,
        "narHash": "sha256-tXI/zK/qEAAOTutB9K+yTKBDphGqaHcrNMaYrGY8PKQ=",
        "owner": "sotormd",
        "repo": "xkcd-wall",
        "rev": "8ff03f5f78355bb762f835f2ce80cd539915dee3",
        "type": "github"
      },
      "original": {
        "owner": "sotormd",
        "repo": "xkcd-wall",
        "type": "github"
      }
    }
  },
  "root": "root",
  "version": 7
}
